
Microsoft Visual Studio Solution File, Format Version 12.00
# Visual Studio Version 16
VisualStudioVersion = 16.0.31112.23
MinimumVisualStudioVersion = 10.0.40219.1
Project("{9A19103F-16F7-4668-BE54-9A1E7A4F7556}") = "LayeredArchitecture.Business", "LayeredArchitecture.Business\LayeredArchitecture.Business.csproj", "{3BB65289-9BDF-4C8F-A77A-8C09C8E05DB3}"
EndProject
Project("{9A19103F-16F7-4668-BE54-9A1E7A4F7556}") = "LayeredArchitecture.DataAccess", "LayeredArchitecture.DataAccess\LayeredArchitecture.DataAccess.csproj", "{4662318F-3611-4359-8752-CA3304F872E9}"
EndProject
Project("{9A19103F-16F7-4668-BE54-9A1E7A4F7556}") = "LayeredArchitecture.Entities", "LayeredArchitecture.Entities\LayeredArchitecture.Entities.csproj", "{D1A3D79A-9CDC-4362-A027-2A0ACEF6501E}"
EndProject
Project("{FAE04EC0-301F-11D3-BF4B-00C04F79EFBC}") = "LayeredArchitecture.ConsoleUI", "LayeredArchitecture.ConsoleUI\LayeredArchitecture.ConsoleUI.csproj", "{997EC2D0-A542-4A12-BE05-EC15140A5CA2}"
EndProject
Global
	GlobalSection(SolutionConfigurationPlatforms) = preSolution
		Debug|Any CPU = Debug|Any CPU
		Release|Any CPU = Release|Any CPU
	EndGlobalSection
	GlobalSection(ProjectConfigurationPlatforms) = postSolution
		{3BB65289-9BDF-4C8F-A77A-8C09C8E05DB3}.Debug|Any CPU.ActiveCfg = Debug|Any CPU
		{3BB65289-9BDF-4C8F-A77A-8C09C8E05DB3}.Debug|Any CPU.Build.0 = Debug|Any CPU
		{3BB65289-9BDF-4C8F-A77A-8C09C8E05DB3}.Release|Any CPU.ActiveCfg = Release|Any CPU
		{3BB65289-9BDF-4C8F-A77A-8C09C8E05DB3}.Release|Any CPU.Build.0 = Release|Any CPU
		{4662318F-3611-4359-8752-CA3304F872E9}.Debug|Any CPU.ActiveCfg = Debug|Any CPU
		{4662318F-3611-4359-8752-CA3304F872E9}.Debug|Any CPU.Build.0 = Debug|Any CPU
		{4662318F-3611-4359-8752-CA3304F872E9}.Release|Any CPU.ActiveCfg = Release|Any CPU
		{4662318F-3611-4359-8752-CA3304F872E9}.Release|Any CPU.Build.0 = Release|Any CPU
		{D1A3D79A-9CDC-4362-A027-2A0ACEF6501E}.Debug|Any CPU.ActiveCfg = Debug|Any CPU
		{D1A3D79A-9CDC-4362-A027-2A0ACEF6501E}.Debug|Any CPU.Build.0 = Debug|Any CPU
		{D1A3D79A-9CDC-4362-A027-2A0ACEF6501E}.Release|Any CPU.ActiveCfg = Release|Any CPU
		{D1A3D79A-9CDC-4362-A027-2A0ACEF6501E}.Release|Any CPU.Build.0 = Release|Any CPU
		{997EC2D0-A542-4A12-BE05-EC15140A5CA2}.Debug|Any CPU.ActiveCfg = Debug|Any CPU
		{997EC2D0-A542-4A12-BE05-EC15140A5CA2}.Debug|Any CPU.Build.0 = Debug|Any CPU
		{997EC2D0-A542-4A12-BE05-EC15140A5CA2}.Release|Any CPU.ActiveCfg = Release|Any CPU
		{997EC2D0-A542-4A12-BE05-EC15140A5CA2}.Release|Any CPU.Build.0 = Release|Any CPU
	EndGlobalSection
	GlobalSection(SolutionProperties) = preSolution
		HideSolutionNode = FALSE
	EndGlobalSection
	GlobalSection(ExtensibilityGlobals) = postSolution
		SolutionGuid = {878CE32C-99EA-4B99-AEFB-7C154BA1D932}
	EndGlobalSection
EndGlobal
